{
  "name": "webxiaoheiwu",
  "lockfileVersion": 3,
  "requires": true,
  "packages": {
    "": {
      "name": "webxiaoheiwu",
      "dependencies": {
        "@internal/encryption": "file:./vendor-pkgs/internal-encryption-0.1.0.tgz",
        "@internal/gallery": "file:./vendor-pkgs/internal-gallery-0.6.2.tgz",
        "@internal/reference-window": "file:./vendor-pkgs/internal-reference-window-0.3.0.tgz",
        "@internal/store": "file:./vendor-pkgs/internal-store-0.16.1.tgz",
        "@internal/workbench-elements": "file:./vendor-pkgs/internal-workbench-elements-0.1.1.tgz"
      },
      "devDependencies": {
        "typescript": "5.7.3"
      }
    },
    "node_modules/@internal/encryption": {
      "version": "0.1.0",
      "resolved": "file:vendor-pkgs/internal-encryption-0.1.0.tgz",
      "integrity": "sha512-g55V4XbXdQWhEVwOeQeP5vMSoBkeua5jnbZxbh20ObYRmtta5Y4oOvNd9oF3+QyNzyvHDG0fL/ysdv5lSJPGgw==",
      "license": "MIT"
    },
    "node_modules/@internal/gallery": {
      "version": "0.6.2",
      "resolved": "file:vendor-pkgs/internal-gallery-0.6.2.tgz",
      "integrity": "sha512-x8M0R7HtM23KG74gvw3gZD85AvGOwBqU7ZMcGkQJQ0T0KSpVfCcugzD3o7gkBz98E/1l0DT8ByKDP7wtqyP6xw==",
      "license": "MIT",
      "peerDependencies": {
        "@internal/store": ">=0.16.1",
        "@internal/workbench-elements": ">=0.1.1"
      }
    },
    "node_modules/@internal/reference-window": {
      "version": "0.3.0",
      "resolved": "file:vendor-pkgs/internal-reference-window-0.3.0.tgz",
      "integrity": "sha512-heIMgdFyyWyXhbFXBS3u1+vkiyzkRxHaiuGveOyULg3/UgTr+NfejaTHLKQ3U0qutSZK81GPUbV7cbsu+ZHnvQ==",
      "license": "MIT"
    },
    "node_modules/@internal/store": {
      "version": "0.16.1",
      "resolved": "file:vendor-pkgs/internal-store-0.16.1.tgz",
      "integrity": "sha512-fmsJ7E70+CTJFanNwxc+i+gCj3qaTs4Pzsv1OqW/2sB6TWsXgP817FDtvtcx44WcXYcFcjmiFXUCbqnAR1L4hg==",
      "license": "MIT"
    },
    "node_modules/@internal/workbench-elements": {
      "version": "0.1.1",
      "resolved": "file:vendor-pkgs/internal-workbench-elements-0.1.1.tgz",
      "integrity": "sha512-42IYNTXfJJroIG5XUjPK9BcCarCXJfS2proOhE8fxFVwBEYgDXKlDclbTxU6+U0KgUyHyd3/weDblV53OLjsJA==",
      "license": "MIT"
    },
    "node_modules/typescript": {
      "version": "5.7.3",
      "resolved": "https://registry.npmjs.org/typescript/-/typescript-5.7.3.tgz",
      "integrity": "sha512-84MVSjMEHP+FQRPy3pX9sTVV/INIex71s9TL2Gm5FG/WG1SqXeKyZ0k7/blY/4FdOzI12CBy1vGc4og/eus0fw==",
      "dev": true,
      "license": "Apache-2.0",
      "bin": {
        "tsc": "bin/tsc",
        "tsserver": "bin/tsserver"
      },
      "engines": {
        "node": ">=14.17"
      }
    }
  }
}
